// !$*UTF8*$!
{
	archiveVersion = 1;
	classes = {
	};
	objectVersion = 46;
	objects = {

/* Begin PBXBuildFile section */
		00E356F31AD99517003FC87E /* StudyDir01Tests.m in Sources */ = {isa = PBXBuildFile; fileRef = 00E356F21AD99517003FC87E /* StudyDir01Tests.m */; };
		13B07FBC1A68108700A75B9A /* AppDelegate.m in Sources */ = {isa = PBXBuildFile; fileRef = 13B07FB01A68108700A75B9A /* AppDelegate.m */; };
		13B07FBD1A68108700A75B9A /* LaunchScreen.xib in Resources */ = {isa = PBXBuildFile; fileRef = 13B07FB11A68108700A75B9A /* LaunchScreen.xib */; };
		13B07FBF1A68108700A75B9A /* Images.xcassets in Resources */ = {isa = PBXBuildFile; fileRef = 13B07FB51A68108700A75B9A /* Images.xcassets */; };
		13B07FC11A68108700A75B9A /* main.m in Sources */ = {isa = PBXBuildFile; fileRef = 13B07FB71A68108700A75B9A /* main.m */; };
		16563BC28BE67BF7A80C341C /* libPods-StudyDir01-tvOS.a in Frameworks */ = {isa = PBXBuildFile; fileRef = FB00FB1BA3D61F6152ED8C43 /* libPods-StudyDir01-tvOS.a */; };
		2D02E4BC1E0B4A80006451C7 /* AppDelegate.m in Sources */ = {isa = PBXBuildFile; fileRef = 13B07FB01A68108700A75B9A /* AppDelegate.m */; };
		2D02E4BD1E0B4A84006451C7 /* Images.xcassets in Resources */ = {isa = PBXBuildFile; fileRef = 13B07FB51A68108700A75B9A /* Images.xcassets */; };
		2D02E4BF1E0B4AB3006451C7 /* main.m in Sources */ = {isa = PBXBuildFile; fileRef = 13B07FB71A68108700A75B9A /* main.m */; };
		2DCD954D1E0B4F2C00145EB5 /* StudyDir01Tests.m in Sources */ = {isa = PBXBuildFile; fileRef = 00E356F21AD99517003FC87E /* StudyDir01Tests.m */; };
		341E063DD5546DC3EAB2811D /* libPods-StudyDir01Tests.a in Frameworks */ = {isa = PBXBuildFile; fileRef = ECA1D432868B46DAF499103A /* libPods-StudyDir01Tests.a */; };
		43CDA40BED2B801A6404546D /* libPods-StudyDir01.a in Frameworks */ = {isa = PBXBuildFile; fileRef = B1FB8498FBB659779DFA01A2 /* libPods-StudyDir01.a */; };
		DC0C3C192FBF258859782D79 /* libPods-StudyDir01-tvOSTests.a in Frameworks */ = {isa = PBXBuildFile; fileRef = 719F6D1AFEC89D285DABAFB4 /* libPods-StudyDir01-tvOSTests.a */; };
		22C456B844784CE892290BCC /* AntDesign.ttf in Resources */ = {isa = PBXBuildFile; fileRef = 80ED6BA408C54DA796509DFD /* AntDesign.ttf */; };
		1506F5D0FE0849D38F43F4D2 /* Entypo.ttf in Resources */ = {isa = PBXBuildFile; fileRef = CFCFFAB1BB8441ABBA244955 /* Entypo.ttf */; };
		4CC9EAF3799E446F9ADB863D /* EvilIcons.ttf in Resources */ = {isa = PBXBuildFile; fileRef = EDC2FC249DE14479A4F07696 /* EvilIcons.ttf */; };
		9570387718BC4C209D04E457 /* Feather.ttf in Resources */ = {isa = PBXBuildFile; fileRef = 3DAC85C73F0A42BAA8DC0C87 /* Feather.ttf */; };
		EE60D3B5484841E399853149 /* FontAwesome.ttf in Resources */ = {isa = PBXBuildFile; fileRef = 894D710E198F41DB925A1363 /* FontAwesome.ttf */; };
		C4977636C2A74D9CAE979801 /* FontAwesome5_Brands.ttf in Resources */ = {isa = PBXBuildFile; fileRef = FAB37EACB54E4D6AB38C6E31 /* FontAwesome5_Brands.ttf */; };
		84AA1C8FCA874FED98C7C6A6 /* FontAwesome5_Regular.ttf in Resources */ = {isa = PBXBuildFile; fileRef = 2CEDA3CD186E4BC6BCEFDB82 /* FontAwesome5_Regular.ttf */; };
		E49246E3606A4F2F9EB63355 /* FontAwesome5_Solid.ttf in Resources */ = {isa = PBXBuildFile; fileRef = 8716D0D1B5D5438EB8D4E1A1 /* FontAwesome5_Solid.ttf */; };
		62E57D25803849ACB21C4783 /* Fontisto.ttf in Resources */ = {isa = PBXBuildFile; fileRef = 06F48A20762D408E9927B0B5 /* Fontisto.ttf */; };
		AD89C2E752264164AB3156AC /* Foundation.ttf in Resources */ = {isa = PBXBuildFile; fileRef = 8E725B0000594D72B086EA8B /* Foundation.ttf */; };
		4A5606562444413D87196250 /* Ionicons.ttf in Resources */ = {isa = PBXBuildFile; fileRef = 5D97A48E98104DC69B8A2832 /* Ionicons.ttf */; };
		39BA922D1BCD43138C0A08A1 /* MaterialCommunityIcons.ttf in Resources */ = {isa = PBXBuildFile; fileRef = CB968812F58C4AD1906D185F /* MaterialCommunityIcons.ttf */; };
		25424A8049B1440B93884395 /* MaterialIcons.ttf in Resources */ = {isa = PBXBuildFile; fileRef = 8B2A8BB8C00B4E92AC3289DC /* MaterialIcons.ttf */; };
		AAFC7FE1F352454180738538 /* Octicons.ttf in Resources */ = {isa = PBXBuildFile; fileRef = 53E4EF0F56C14D9D8517441C /* Octicons.ttf */; };
		9B7B77DA24744FE3AB511547 /* SimpleLineIcons.ttf in Resources */ = {isa = PBXBuildFile; fileRef = 94633E948E054FB59DEC48F1 /* SimpleLineIcons.ttf */; };
		4626B251DC2B43B3BC64D91A /* Zocial.ttf in Resources */ = {isa = PBXBuildFile; fileRef = A2914C6D669346A9B7B3BF5B /* Zocial.ttf */; };
		1CF07B1D9F954E78B8B2AF37 /* Entypo.ttf in Resources */ = {isa = PBXBuildFile; fileRef = BAB88DD3203B45DEA6D0EC5B /* Entypo.ttf */; };
		6762E755B568455981B6F6DF /* EvilIcons.ttf in Resources */ = {isa = PBXBuildFile; fileRef = DF6798DCB73A41F9815F8476 /* EvilIcons.ttf */; };
		A6D21C551128454B8F472D30 /* Feather.ttf in Resources */ = {isa = PBXBuildFile; fileRef = 41F2353549014470B0F8DA82 /* Feather.ttf */; };
		03401BE331DE45BE91504FC5 /* FontAwesome.ttf in Resources */ = {isa = PBXBuildFile; fileRef = A3864B0B499C4B05BED399E5 /* FontAwesome.ttf */; };
		36A4FA34AC904D40B7B57F41 /* Foundation.ttf in Resources */ = {isa = PBXBuildFile; fileRef = 803BED1BABBB4DCAA5587AA7 /* Foundation.ttf */; };
		99AC2278E17E4B8D896799A1 /* Ionicons.ttf in Resources */ = {isa = PBXBuildFile; fileRef = 908B93A9FC2F4431A24100BD /* Ionicons.ttf */; };
		F7EA2BAC9152463291FC3245 /* MaterialCommunityIcons.ttf in Resources */ = {isa = PBXBuildFile; fileRef = B87416CB01DB4874BFD57C18 /* MaterialCommunityIcons.ttf */; };
		F490F260A8BD45B8906C525E /* MaterialIcons.ttf in Resources */ = {isa = PBXBuildFile; fileRef = 703190A991AB4A548315D061 /* MaterialIcons.ttf */; };
		1343B9A36DF046E3BC6329C0 /* Octicons.ttf in Resources */ = {isa = PBXBuildFile; fileRef = 738EF87042534AFCA8D440AD /* Octicons.ttf */; };
		C0D1C2341743421B8F06177F /* SimpleLineIcons.ttf in Resources */ = {isa = PBXBuildFile; fileRef = E132F27525334EDAA23E06B1 /* SimpleLineIcons.ttf */; };
		111481A7891D4E0191F96504 /* Zocial.ttf in Resources */ = {isa = PBXBuildFile; fileRef = 405B5F93C1154F22A5490484 /* Zocial.ttf */; };
		2BA16B4D91A145EE9EB9DFC8 /* AntDesign.ttf in Resources */ = {isa = PBXBuildFile; fileRef = B97A5D92AF4D4260BF05F135 /* AntDesign.ttf */; };
		AD021CF2043F4A03BAFDDD07 /* Entypo.ttf in Resources */ = {isa = PBXBuildFile; fileRef = 0ADF1D319B4440C68E058B52 /* Entypo.ttf */; };
		0419023AD316482B8F8F5CB3 /* EvilIcons.ttf in Resources */ = {isa = PBXBuildFile; fileRef = EEBC2D707A214B3196611531 /* EvilIcons.ttf */; };
		14DC0521068241449554BCC4 /* Feather.ttf in Resources */ = {isa = PBXBuildFile; fileRef = C727F36FAB2E4666A9665141 /* Feather.ttf */; };
		BAEBD97863FA4D6C92829D89 /* FontAwesome.ttf in Resources */ = {isa = PBXBuildFile; fileRef = D82C2581D8654719BB6A47F2 /* FontAwesome.ttf */; };
		9611B1A330634467B02EC37E /* FontAwesome5_Brands.ttf in Resources */ = {isa = PBXBuildFile; fileRef = 7E23014F22A140C198E0961B /* FontAwesome5_Brands.ttf */; };
		BE874AE1F808426AAB1E9241 /* FontAwesome5_Regular.ttf in Resources */ = {isa = PBXBuildFile; fileRef = FC00BD75522A4BBA930E3C43 /* FontAwesome5_Regular.ttf */; };
		729CD4159B64446E8F3C71A1 /* FontAwesome5_Solid.ttf in Resources */ = {isa = PBXBuildFile; fileRef = 1CF2E434BCC543A5A536DF85 /* FontAwesome5_Solid.ttf */; };
		39D4892165664ED59C60834B /* Fontisto.ttf in Resources */ = {isa = PBXBuildFile; fileRef = 09F8B98952BB4CB3A1E67391 /* Fontisto.ttf */; };
		600AB6156B5442DBBA7A3F27 /* Foundation.ttf in Resources */ = {isa = PBXBuildFile; fileRef = 778DB062826C4B4FB958395F /* Foundation.ttf */; };
		4396890ADE1042348B127E3E /* Ionicons.ttf in Resources */ = {isa = PBXBuildFile; fileRef = A9B657C1B8AF4FCB88A27108 /* Ionicons.ttf */; };
		F1A846BBB16F44EBBB7BC5E3 /* MaterialCommunityIcons.ttf in Resources */ = {isa = PBXBuildFile; fileRef = 982F0193B4AC46FEB04A2A9E /* MaterialCommunityIcons.ttf */; };
		E9D0D4F883344BD2B82C7538 /* MaterialIcons.ttf in Resources */ = {isa = PBXBuildFile; fileRef = 521362721336446C80BB0F7F /* MaterialIcons.ttf */; };
		A599E836FE904AC2830DABAF /* Octicons.ttf in Resources */ = {isa = PBXBuildFile; fileRef = F8D4EEC8930E442E9ACDCE5D /* Octicons.ttf */; };
		E13CB3DC07F14D2F8C985460 /* SimpleLineIcons.ttf in Resources */ = {isa = PBXBuildFile; fileRef = 26B8E5F779E0418684B8F0A1 /* SimpleLineIcons.ttf */; };
		A44BC53F06424FF893750986 /* Zocial.ttf in Resources */ = {isa = PBXBuildFile; fileRef = F5DDC3A50DB8479098419362 /* Zocial.ttf */; };
/* End PBXBuildFile section */

/* Begin PBXContainerItemProxy section */
		00E356F41AD99517003FC87E /* PBXContainerItemProxy */ = {
			isa = PBXContainerItemProxy;
			containerPortal = 83CBB9F71A601CBA00E9B192 /* Project object */;
			proxyType = 1;
			remoteGlobalIDString = 13B07F861A680F5B00A75B9A;
			remoteInfo = StudyDir01;
		};
		2D02E4911E0B4A5D006451C7 /* PBXContainerItemProxy */ = {
			isa = PBXContainerItemProxy;
			containerPortal = 83CBB9F71A601CBA00E9B192 /* Project object */;
			proxyType = 1;
			remoteGlobalIDString = 2D02E47A1E0B4A5D006451C7;
			remoteInfo = "StudyDir01-tvOS";
		};
/* End PBXContainerItemProxy section */

/* Begin PBXFileReference section */
		008F07F21AC5B25A0029DE68 /* main.jsbundle */ = {isa = PBXFileReference; fileEncoding = 4; lastKnownFileType = text; path = main.jsbundle; sourceTree = "<group>"; };
		00E356EE1AD99517003FC87E /* StudyDir01Tests.xctest */ = {isa = PBXFileReference; explicitFileType = wrapper.cfbundle; includeInIndex = 0; path = StudyDir01Tests.xctest; sourceTree = BUILT_PRODUCTS_DIR; };
		00E356F11AD99517003FC87E /* Info.plist */ = {isa = PBXFileReference; lastKnownFileType = text.plist.xml; path = Info.plist; sourceTree = "<group>"; };
		00E356F21AD99517003FC87E /* StudyDir01Tests.m */ = {isa = PBXFileReference; lastKnownFileType = sourcecode.c.objc; path = StudyDir01Tests.m; sourceTree = "<group>"; };
		03B9EF62FF29B66374F0F220 /* Pods-StudyDir01Tests.debug.xcconfig */ = {isa = PBXFileReference; includeInIndex = 1; lastKnownFileType = text.xcconfig; name = "Pods-StudyDir01Tests.debug.xcconfig"; path = "Target Support Files/Pods-StudyDir01Tests/Pods-StudyDir01Tests.debug.xcconfig"; sourceTree = "<group>"; };
		13B07F961A680F5B00A75B9A /* StudyDir01.app */ = {isa = PBXFileReference; explicitFileType = wrapper.application; includeInIndex = 0; path = StudyDir01.app; sourceTree = BUILT_PRODUCTS_DIR; };
		13B07FAF1A68108700A75B9A /* AppDelegate.h */ = {isa = PBXFileReference; fileEncoding = 4; lastKnownFileType = sourcecode.c.h; name = AppDelegate.h; path = StudyDir01/AppDelegate.h; sourceTree = "<group>"; };
		13B07FB01A68108700A75B9A /* AppDelegate.m */ = {isa = PBXFileReference; fileEncoding = 4; lastKnownFileType = sourcecode.c.objc; name = AppDelegate.m; path = StudyDir01/AppDelegate.m; sourceTree = "<group>"; };
		13B07FB21A68108700A75B9A /* Base */ = {isa = PBXFileReference; lastKnownFileType = file.xib; name = Base; path = Base.lproj/LaunchScreen.xib; sourceTree = "<group>"; };
		13B07FB51A68108700A75B9A /* Images.xcassets */ = {isa = PBXFileReference; lastKnownFileType = folder.assetcatalog; name = Images.xcassets; path = StudyDir01/Images.xcassets; sourceTree = "<group>"; };
		13B07FB61A68108700A75B9A /* Info.plist */ = {isa = PBXFileReference; fileEncoding = 4; lastKnownFileType = text.plist.xml; name = Info.plist; path = StudyDir01/Info.plist; sourceTree = "<group>"; };
		13B07FB71A68108700A75B9A /* main.m */ = {isa = PBXFileReference; fileEncoding = 4; lastKnownFileType = sourcecode.c.objc; name = main.m; path = StudyDir01/main.m; sourceTree = "<group>"; };
		2D02E47B1E0B4A5D006451C7 /* StudyDir01-tvOS.app */ = {isa = PBXFileReference; explicitFileType = wrapper.application; includeInIndex = 0; path = "StudyDir01-tvOS.app"; sourceTree = BUILT_PRODUCTS_DIR; };
		2D02E4901E0B4A5D006451C7 /* StudyDir01-tvOSTests.xctest */ = {isa = PBXFileReference; explicitFileType = wrapper.cfbundle; includeInIndex = 0; path = "StudyDir01-tvOSTests.xctest"; sourceTree = BUILT_PRODUCTS_DIR; };
		61DF825BD6A459F83CA40FE5 /* Pods-StudyDir01-tvOS.release.xcconfig */ = {isa = PBXFileReference; includeInIndex = 1; lastKnownFileType = text.xcconfig; name = "Pods-StudyDir01-tvOS.release.xcconfig"; path = "Target Support Files/Pods-StudyDir01-tvOS/Pods-StudyDir01-tvOS.release.xcconfig"; sourceTree = "<group>"; };
		719F6D1AFEC89D285DABAFB4 /* libPods-StudyDir01-tvOSTests.a */ = {isa = PBXFileReference; explicitFileType = archive.ar; includeInIndex = 0; path = "libPods-StudyDir01-tvOSTests.a"; sourceTree = BUILT_PRODUCTS_DIR; };
		7505930A2C2E5DD93FCD3033 /* Pods-StudyDir01.release.xcconfig */ = {isa = PBXFileReference; includeInIndex = 1; lastKnownFileType = text.xcconfig; name = "Pods-StudyDir01.release.xcconfig"; path = "Target Support Files/Pods-StudyDir01/Pods-StudyDir01.release.xcconfig"; sourceTree = "<group>"; };
		9303753AFFEA9004C83A262F /* Pods-StudyDir01Tests.release.xcconfig */ = {isa = PBXFileReference; includeInIndex = 1; lastKnownFileType = text.xcconfig; name = "Pods-StudyDir01Tests.release.xcconfig"; path = "Target Support Files/Pods-StudyDir01Tests/Pods-StudyDir01Tests.release.xcconfig"; sourceTree = "<group>"; };
		A4A100372752C134101D034C /* Pods-StudyDir01-tvOSTests.debug.xcconfig */ = {isa = PBXFileReference; includeInIndex = 1; lastKnownFileType = text.xcconfig; name = "Pods-StudyDir01-tvOSTests.debug.xcconfig"; path = "Target Support Files/Pods-StudyDir01-tvOSTests/Pods-StudyDir01-tvOSTests.debug.xcconfig"; sourceTree = "<group>"; };
		B1FB8498FBB659779DFA01A2 /* libPods-StudyDir01.a */ = {isa = PBXFileReference; explicitFileType = archive.ar; includeInIndex = 0; path = "libPods-StudyDir01.a"; sourceTree = BUILT_PRODUCTS_DIR; };
		C21E495DE4AA7464BFC81866 /* Pods-StudyDir01.debug.xcconfig */ = {isa = PBXFileReference; includeInIndex = 1; lastKnownFileType = text.xcconfig; name = "Pods-StudyDir01.debug.xcconfig"; path = "Target Support Files/Pods-StudyDir01/Pods-StudyDir01.debug.xcconfig"; sourceTree = "<group>"; };
		ECA1D432868B46DAF499103A /* libPods-StudyDir01Tests.a */ = {isa = PBXFileReference; explicitFileType = archive.ar; includeInIndex = 0; path = "libPods-StudyDir01Tests.a"; sourceTree = BUILT_PRODUCTS_DIR; };
		ED297162215061F000B7C4FE /* JavaScriptCore.framework */ = {isa = PBXFileReference; lastKnownFileType = wrapper.framework; name = JavaScriptCore.framework; path = System/Library/Frameworks/JavaScriptCore.framework; sourceTree = SDKROOT; };
		ED2971642150620600B7C4FE /* JavaScriptCore.framework */ = {isa = PBXFileReference; lastKnownFileType = wrapper.framework; name = JavaScriptCore.framework; path = Platforms/AppleTVOS.platform/Developer/SDKs/AppleTVOS12.0.sdk/System/Library/Frameworks/JavaScriptCore.framework; sourceTree = DEVELOPER_DIR; };
		FB00FB1BA3D61F6152ED8C43 /* libPods-StudyDir01-tvOS.a */ = {isa = PBXFileReference; explicitFileType = archive.ar; includeInIndex = 0; path = "libPods-StudyDir01-tvOS.a"; sourceTree = BUILT_PRODUCTS_DIR; };
		FC56EF4CCF4AEDAAE12EB52A /* Pods-StudyDir01-tvOS.debug.xcconfig */ = {isa = PBXFileReference; includeInIndex = 1; lastKnownFileType = text.xcconfig; name = "Pods-StudyDir01-tvOS.debug.xcconfig"; path = "Target Support Files/Pods-StudyDir01-tvOS/Pods-StudyDir01-tvOS.debug.xcconfig"; sourceTree = "<group>"; };
		FFC5689B188296250088A60E /* Pods-StudyDir01-tvOSTests.release.xcconfig */ = {isa = PBXFileReference; includeInIndex = 1; lastKnownFileType = text.xcconfig; name = "Pods-StudyDir01-tvOSTests.release.xcconfig"; path = "Target Support Files/Pods-StudyDir01-tvOSTests/Pods-StudyDir01-tvOSTests.release.xcconfig"; sourceTree = "<group>"; };
		80ED6BA408C54DA796509DFD /* AntDesign.ttf */ = {isa = PBXFileReference; name = "AntDesign.ttf"; path = "../node_modules/react-native-vector-icons/Fonts/AntDesign.ttf"; sourceTree = "<group>"; fileEncoding = undefined; lastKnownFileType = unknown; explicitFileType = undefined; includeInIndex = 0; };
		CFCFFAB1BB8441ABBA244955 /* Entypo.ttf */ = {isa = PBXFileReference; name = "Entypo.ttf"; path = "../node_modules/react-native-vector-icons/Fonts/Entypo.ttf"; sourceTree = "<group>"; fileEncoding = undefined; lastKnownFileType = unknown; explicitFileType = undefined; includeInIndex = 0; };
		EDC2FC249DE14479A4F07696 /* EvilIcons.ttf */ = {isa = PBXFileReference; name = "EvilIcons.ttf"; path = "../node_modules/react-native-vector-icons/Fonts/EvilIcons.ttf"; sourceTree = "<group>"; fileEncoding = undefined; lastKnownFileType = unknown; explicitFileType = undefined; includeInIndex = 0; };
		3DAC85C73F0A42BAA8DC0C87 /* Feather.ttf */ = {isa = PBXFileReference; name = "Feather.ttf"; path = "../node_modules/react-native-vector-icons/Fonts/Feather.ttf"; sourceTree = "<group>"; fileEncoding = undefined; lastKnownFileType = unknown; explicitFileType = undefined; includeInIndex = 0; };
		894D710E198F41DB925A1363 /* FontAwesome.ttf */ = {isa = PBXFileReference; name = "FontAwesome.ttf"; path = "../node_modules/react-native-vector-icons/Fonts/FontAwesome.ttf"; sourceTree = "<group>"; fileEncoding = undefined; lastKnownFileType = unknown; explicitFileType = undefined; includeInIndex = 0; };
		FAB37EACB54E4D6AB38C6E31 /* FontAwesome5_Brands.ttf */ = {isa = PBXFileReference; name = "FontAwesome5_Brands.ttf"; path = "../node_modules/react-native-vector-icons/Fonts/FontAwesome5_Brands.ttf"; sourceTree = "<group>"; fileEncoding = undefined; lastKnownFileType = unknown; explicitFileType = undefined; includeInIndex = 0; };
		2CEDA3CD186E4BC6BCEFDB82 /* FontAwesome5_Regular.ttf */ = {isa = PBXFileReference; name = "FontAwesome5_Regular.ttf"; path = "../node_modules/react-native-vector-icons/Fonts/FontAwesome5_Regular.ttf"; sourceTree = "<group>"; fileEncoding = undefined; lastKnownFileType = unknown; explicitFileType = undefined; includeInIndex = 0; };
		8716D0D1B5D5438EB8D4E1A1 /* FontAwesome5_Solid.ttf */ = {isa = PBXFileReference; name = "FontAwesome5_Solid.ttf"; path = "../node_modules/react-native-vector-icons/Fonts/FontAwesome5_Solid.ttf"; sourceTree = "<group>"; fileEncoding = undefined; lastKnownFileType = unknown; explicitFileType = undefined; includeInIndex = 0; };
		06F48A20762D408E9927B0B5 /* Fontisto.ttf */ = {isa = PBXFileReference; name = "Fontisto.ttf"; path = "../node_modules/react-native-vector-icons/Fonts/Fontisto.ttf"; sourceTree = "<group>"; fileEncoding = undefined; lastKnownFileType = unknown; explicitFileType = undefined; includeInIndex = 0; };
		8E725B0000594D72B086EA8B /* Foundation.ttf */ = {isa = PBXFileReference; name = "Foundation.ttf"; path = "../node_modules/react-native-vector-icons/Fonts/Foundation.ttf"; sourceTree = "<group>"; fileEncoding = undefined; lastKnownFileType = unknown; explicitFileType = undefined; includeInIndex = 0; };
		5D97A48E98104DC69B8A2832 /* Ionicons.ttf */ = {isa = PBXFileReference; name = "Ionicons.ttf"; path = "../node_modules/react-native-vector-icons/Fonts/Ionicons.ttf"; sourceTree = "<group>"; fileEncoding = undefined; lastKnownFileType = unknown; explicitFileType = undefined; includeInIndex = 0; };
		CB968812F58C4AD1906D185F /* MaterialCommunityIcons.ttf */ = {isa = PBXFileReference; name = "MaterialCommunityIcons.ttf"; path = "../node_modules/react-native-vector-icons/Fonts/MaterialCommunityIcons.ttf"; sourceTree = "<group>"; fileEncoding = undefined; lastKnownFileType = unknown; explicitFileType = undefined; includeInIndex = 0; };
		8B2A8BB8C00B4E92AC3289DC /* MaterialIcons.ttf */ = {isa = PBXFileReference; name = "MaterialIcons.ttf"; path = "../node_modules/react-native-vector-icons/Fonts/MaterialIcons.ttf"; sourceTree = "<group>"; fileEncoding = undefined; lastKnownFileType = unknown; explicitFileType = undefined; includeInIndex = 0; };
		53E4EF0F56C14D9D8517441C /* Octicons.ttf */ = {isa = PBXFileReference; name = "Octicons.ttf"; path = "../node_modules/react-native-vector-icons/Fonts/Octicons.ttf"; sourceTree = "<group>"; fileEncoding = undefined; lastKnownFileType = unknown; explicitFileType = undefined; includeInIndex = 0; };
		94633E948E054FB59DEC48F1 /* SimpleLineIcons.ttf */ = {isa = PBXFileReference; name = "SimpleLineIcons.ttf"; path = "../node_modules/react-native-vector-icons/Fonts/SimpleLineIcons.ttf"; sourceTree = "<group>"; fileEncoding = undefined; lastKnownFileType = unknown; explicitFileType = undefined; includeInIndex = 0; };
		A2914C6D669346A9B7B3BF5B /* Zocial.ttf */ = {isa = PBXFileReference; name = "Zocial.ttf"; path = "../node_modules/react-native-vector-icons/Fonts/Zocial.ttf"; sourceTree = "<group>"; fileEncoding = undefined; lastKnownFileType = unknown; explicitFileType = undefined; includeInIndex = 0; };
		BAB88DD3203B45DEA6D0EC5B /* Entypo.ttf */ = {isa = PBXFileReference; name = "Entypo.ttf"; path = "../node_modules/react-native-vector-icons/Fonts/Fonts/Entypo.ttf"; sourceTree = "<group>"; fileEncoding = undefined; lastKnownFileType = unknown; explicitFileType = undefined; includeInIndex = 0; };
		DF6798DCB73A41F9815F8476 /* EvilIcons.ttf */ = {isa = PBXFileReference; name = "EvilIcons.ttf"; path = "../node_modules/react-native-vector-icons/Fonts/Fonts/EvilIcons.ttf"; sourceTree = "<group>"; fileEncoding = undefined; lastKnownFileType = unknown; explicitFileType = undefined; includeInIndex = 0; };
		41F2353549014470B0F8DA82 /* Feather.ttf */ = {isa = PBXFileReference; name = "Feather.ttf"; path = "../node_modules/react-native-vector-icons/Fonts/Fonts/Feather.ttf"; sourceTree = "<group>"; fileEncoding = undefined; lastKnownFileType = unknown; explicitFileType = undefined; includeInIndex = 0; };
		A3864B0B499C4B05BED399E5 /* FontAwesome.ttf */ = {isa = PBXFileReference; name = "FontAwesome.ttf"; path = "../node_modules/react-native-vector-icons/Fonts/Fonts/FontAwesome.ttf"; sourceTree = "<group>"; fileEncoding = undefined; lastKnownFileType = unknown; explicitFileType = undefined; includeInIndex = 0; };
		803BED1BABBB4DCAA5587AA7 /* Foundation.ttf */ = {isa = PBXFileReference; name = "Foundation.ttf"; path = "../node_modules/react-native-vector-icons/Fonts/Fonts/Foundation.ttf"; sourceTree = "<group>"; fileEncoding = undefined; lastKnownFileType = unknown; explicitFileType = undefined; includeInIndex = 0; };
		908B93A9FC2F4431A24100BD /* Ionicons.ttf */ = {isa = PBXFileReference; name = "Ionicons.ttf"; path = "../node_modules/react-native-vector-icons/Fonts/Fonts/Ionicons.ttf"; sourceTree = "<group>"; fileEncoding = undefined; lastKnownFileType = unknown; explicitFileType = undefined; includeInIndex = 0; };
		B87416CB01DB4874BFD57C18 /* MaterialCommunityIcons.ttf */ = {isa = PBXFileReference; name = "MaterialCommunityIcons.ttf"; path = "../node_modules/react-native-vector-icons/Fonts/Fonts/MaterialCommunityIcons.ttf"; sourceTree = "<group>"; fileEncoding = undefined; lastKnownFileType = unknown; explicitFileType = undefined; includeInIndex = 0; };
		703190A991AB4A548315D061 /* MaterialIcons.ttf */ = {isa = PBXFileReference; name = "MaterialIcons.ttf"; path = "../node_modules/react-native-vector-icons/Fonts/Fonts/MaterialIcons.ttf"; sourceTree = "<group>"; fileEncoding = undefined; lastKnownFileType = unknown; explicitFileType = undefined; includeInIndex = 0; };
		738EF87042534AFCA8D440AD /* Octicons.ttf */ = {isa = PBXFileReference; name = "Octicons.ttf"; path = "../node_modules/react-native-vector-icons/Fonts/Fonts/Octicons.ttf"; sourceTree = "<group>"; fileEncoding = undefined; lastKnownFileType = unknown; explicitFileType = undefined; includeInIndex = 0; };
		E132F27525334EDAA23E06B1 /* SimpleLineIcons.ttf */ = {isa = PBXFileReference; name = "SimpleLineIcons.ttf"; path = "../node_modules/react-native-vector-icons/Fonts/Fonts/SimpleLineIcons.ttf"; sourceTree = "<group>"; fileEncoding = undefined; lastKnownFileType = unknown; explicitFileType = undefined; includeInIndex = 0; };
		405B5F93C1154F22A5490484 /* Zocial.ttf */ = {isa = PBXFileReference; name = "Zocial.ttf"; path = "../node_modules/react-native-vector-icons/Fonts/Fonts/Zocial.ttf"; sourceTree = "<group>"; fileEncoding = undefined; lastKnownFileType = unknown; explicitFileType = undefined; includeInIndex = 0; };
		B97A5D92AF4D4260BF05F135 /* AntDesign.ttf */ = {isa = PBXFileReference; name = "AntDesign.ttf"; path = "../node_modules/react-native-vector-icons/Fonts/新建文件夹/AntDesign.ttf"; sourceTree = "<group>"; fileEncoding = undefined; lastKnownFileType = unknown; explicitFileType = undefined; includeInIndex = 0; };
		0ADF1D319B4440C68E058B52 /* Entypo.ttf */ = {isa = PBXFileReference; name = "Entypo.ttf"; path = "../node_modules/react-native-vector-icons/Fonts/新建文件夹/Entypo.ttf"; sourceTree = "<group>"; fileEncoding = undefined; lastKnownFileType = unknown; explicitFileType = undefined; includeInIndex = 0; };
		EEBC2D707A214B3196611531 /* EvilIcons.ttf */ = {isa = PBXFileReference; name = "EvilIcons.ttf"; path = "../node_modules/react-native-vector-icons/Fonts/新建文件夹/EvilIcons.ttf"; sourceTree = "<group>"; fileEncoding = undefined; lastKnownFileType = unknown; explicitFileType = undefined; includeInIndex = 0; };
		C727F36FAB2E4666A9665141 /* Feather.ttf */ = {isa = PBXFileReference; name = "Feather.ttf"; path = "../node_modules/react-native-vector-icons/Fonts/新建文件夹/Feather.ttf"; sourceTree = "<group>"; fileEncoding = undefined; lastKnownFileType = unknown; explicitFileType = undefined; includeInIndex = 0; };
		D82C2581D8654719BB6A47F2 /* FontAwesome.ttf */ = {isa = PBXFileReference; name = "FontAwesome.ttf"; path = "../node_modules/react-native-vector-icons/Fonts/新建文件夹/FontAwesome.ttf"; sourceTree = "<group>"; fileEncoding = undefined; lastKnownFileType = unknown; explicitFileType = undefined; includeInIndex = 0; };
		7E23014F22A140C198E0961B /* FontAwesome5_Brands.ttf */ = {isa = PBXFileReference; name = "FontAwesome5_Brands.ttf"; path = "../node_modules/react-native-vector-icons/Fonts/新建文件夹/FontAwesome5_Brands.ttf"; sourceTree = "<group>"; fileEncoding = undefined; lastKnownFileType = unknown; explicitFileType = undefined; includeInIndex = 0; };
		FC00BD75522A4BBA930E3C43 /* FontAwesome5_Regular.ttf */ = {isa = PBXFileReference; name = "FontAwesome5_Regular.ttf"; path = "../node_modules/react-native-vector-icons/Fonts/新建文件夹/FontAwesome5_Regular.ttf"; sourceTree = "<group>"; fileEncoding = undefined; lastKnownFileType = unknown; explicitFileType = undefined; includeInIndex = 0; };
		1CF2E434BCC543A5A536DF85 /* FontAwesome5_Solid.ttf */ = {isa = PBXFileReference; name = "FontAwesome5_Solid.ttf"; path = "../node_modules/react-native-vector-icons/Fonts/新建文件夹/FontAwesome5_Solid.ttf"; sourceTree = "<group>"; fileEncoding = undefined; lastKnownFileType = unknown; explicitFileType = undefined; includeInIndex = 0; };
		09F8B98952BB4CB3A1E67391 /* Fontisto.ttf */ = {isa = PBXFileReference; name = "Fontisto.ttf"; path = "../node_modules/react-native-vector-icons/Fonts/新建文件夹/Fontisto.ttf"; sourceTree = "<group>"; fileEncoding = undefined; lastKnownFileType = unknown; explicitFileType = undefined; includeInIndex = 0; };
		778DB062826C4B4FB958395F /* Foundation.ttf */ = {isa = PBXFileReference; name = "Foundation.ttf"; path = "../node_modules/react-native-vector-icons/Fonts/新建文件夹/Foundation.ttf"; sourceTree = "<group>"; fileEncoding = undefined; lastKnownFileType = unknown; explicitFileType = undefined; includeInIndex = 0; };
		A9B657C1B8AF4FCB88A27108 /* Ionicons.ttf */ = {isa = PBXFileReference; name = "Ionicons.ttf"; path = "../node_modules/react-native-vector-icons/Fonts/新建文件夹/Ionicons.ttf"; sourceTree = "<group>"; fileEncoding = undefined; lastKnownFileType = unknown; explicitFileType = undefined; includeInIndex = 0; };
		982F0193B4AC46FEB04A2A9E /* MaterialCommunityIcons.ttf */ = {isa = PBXFileReference; name = "MaterialCommunityIcons.ttf"; path = "../node_modules/react-native-vector-icons/Fonts/新建文件夹/MaterialCommunityIcons.ttf"; sourceTree = "<group>"; fileEncoding = undefined; lastKnownFileType = unknown; explicitFileType = undefined; includeInIndex = 0; };
		521362721336446C80BB0F7F /* MaterialIcons.ttf */ = {isa = PBXFileReference; name = "MaterialIcons.ttf"; path = "../node_modules/react-native-vector-icons/Fonts/新建文件夹/MaterialIcons.ttf"; sourceTree = "<group>"; fileEncoding = undefined; lastKnownFileType = unknown; explicitFileType = undefined; includeInIndex = 0; };
		F8D4EEC8930E442E9ACDCE5D /* Octicons.ttf */ = {isa = PBXFileReference; name = "Octicons.ttf"; path = "../node_modules/react-native-vector-icons/Fonts/新建文件夹/Octicons.ttf"; sourceTree = "<group>"; fileEncoding = undefined; lastKnownFileType = unknown; explicitFileType = undefined; includeInIndex = 0; };
		26B8E5F779E0418684B8F0A1 /* SimpleLineIcons.ttf */ = {isa = PBXFileReference; name = "SimpleLineIcons.ttf"; path = "../node_modules/react-native-vector-icons/Fonts/新建文件夹/SimpleLineIcons.ttf"; sourceTree = "<group>"; fileEncoding = undefined; lastKnownFileType = unknown; explicitFileType = undefined; includeInIndex = 0; };
		F5DDC3A50DB8479098419362 /* Zocial.ttf */ = {isa = PBXFileReference; name = "Zocial.ttf"; path = "../node_modules/react-native-vector-icons/Fonts/新建文件夹/Zocial.ttf"; sourceTree = "<group>"; fileEncoding = undefined; lastKnownFileType = unknown; explicitFileType = undefined; includeInIndex = 0; };
/* End PBXFileReference section */

/* Begin PBXFrameworksBuildPhase section */
		00E356EB1AD99517003FC87E /* Frameworks */ = {
			isa = PBXFrameworksBuildPhase;
			buildActionMask = 2147483647;
			files = (
				341E063DD5546DC3EAB2811D /* libPods-StudyDir01Tests.a in Frameworks */,
			);
			runOnlyForDeploymentPostprocessing = 0;
		};
		13B07F8C1A680F5B00A75B9A /* Frameworks */ = {
			isa = PBXFrameworksBuildPhase;
			buildActionMask = 2147483647;
			files = (
				43CDA40BED2B801A6404546D /* libPods-StudyDir01.a in Frameworks */,
			);
			runOnlyForDeploymentPostprocessing = 0;
		};
		2D02E4781E0B4A5D006451C7 /* Frameworks */ = {
			isa = PBXFrameworksBuildPhase;
			buildActionMask = 2147483647;
			files = (
				16563BC28BE67BF7A80C341C /* libPods-StudyDir01-tvOS.a in Frameworks */,
			);
			runOnlyForDeploymentPostprocessing = 0;
		};
		2D02E48D1E0B4A5D006451C7 /* Frameworks */ = {
			isa = PBXFrameworksBuildPhase;
			buildActionMask = 2147483647;
			files = (
				DC0C3C192FBF258859782D79 /* libPods-StudyDir01-tvOSTests.a in Frameworks */,
			);
			runOnlyForDeploymentPostprocessing = 0;
		};
/* End PBXFrameworksBuildPhase section */

/* Begin PBXGroup section */
		00E356EF1AD99517003FC87E /* StudyDir01Tests */ = {
			isa = PBXGroup;
			children = (
				00E356F21AD99517003FC87E /* StudyDir01Tests.m */,
				00E356F01AD99517003FC87E /* Supporting Files */,
			);
			path = StudyDir01Tests;
			sourceTree = "<group>";
		};
		00E356F01AD99517003FC87E /* Supporting Files */ = {
			isa = PBXGroup;
			children = (
				00E356F11AD99517003FC87E /* Info.plist */,
			);
			name = "Supporting Files";
			sourceTree = "<group>";
		};
		13B07FAE1A68108700A75B9A /* StudyDir01 */ = {
			isa = PBXGroup;
			children = (
				008F07F21AC5B25A0029DE68 /* main.jsbundle */,
				13B07FAF1A68108700A75B9A /* AppDelegate.h */,
				13B07FB01A68108700A75B9A /* AppDelegate.m */,
				13B07FB51A68108700A75B9A /* Images.xcassets */,
				13B07FB61A68108700A75B9A /* Info.plist */,
				13B07FB11A68108700A75B9A /* LaunchScreen.xib */,
				13B07FB71A68108700A75B9A /* main.m */,
			);
			name = StudyDir01;
			sourceTree = "<group>";
		};
		2D16E6871FA4F8E400B85C8A /* Frameworks */ = {
			isa = PBXGroup;
			children = (
				ED297162215061F000B7C4FE /* JavaScriptCore.framework */,
				ED2971642150620600B7C4FE /* JavaScriptCore.framework */,
				B1FB8498FBB659779DFA01A2 /* libPods-StudyDir01.a */,
				FB00FB1BA3D61F6152ED8C43 /* libPods-StudyDir01-tvOS.a */,
				719F6D1AFEC89D285DABAFB4 /* libPods-StudyDir01-tvOSTests.a */,
				ECA1D432868B46DAF499103A /* libPods-StudyDir01Tests.a */,
			);
			name = Frameworks;
			sourceTree = "<group>";
		};
		832341AE1AAA6A7D00B99B32 /* Libraries */ = {
			isa = PBXGroup;
			children = (
			);
			name = Libraries;
			sourceTree = "<group>";
		};
		83CBB9F61A601CBA00E9B192 = {
			isa = PBXGroup;
			children = (
				13B07FAE1A68108700A75B9A /* StudyDir01 */,
				832341AE1AAA6A7D00B99B32 /* Libraries */,
				00E356EF1AD99517003FC87E /* StudyDir01Tests */,
				83CBBA001A601CBA00E9B192 /* Products */,
				2D16E6871FA4F8E400B85C8A /* Frameworks */,
				EC26BC1B8935D81176D1888D /* Pods */,
				0D987C51033B47E788126CCB /* Resources */,
			);
			indentWidth = 2;
			sourceTree = "<group>";
			tabWidth = 2;
			usesTabs = 0;
		};
		83CBBA001A601CBA00E9B192 /* Products */ = {
			isa = PBXGroup;
			children = (
				13B07F961A680F5B00A75B9A /* StudyDir01.app */,
				00E356EE1AD99517003FC87E /* StudyDir01Tests.xctest */,
				2D02E47B1E0B4A5D006451C7 /* StudyDir01-tvOS.app */,
				2D02E4901E0B4A5D006451C7 /* StudyDir01-tvOSTests.xctest */,
			);
			name = Products;
			sourceTree = "<group>";
		};
		EC26BC1B8935D81176D1888D /* Pods */ = {
			isa = PBXGroup;
			children = (
				C21E495DE4AA7464BFC81866 /* Pods-StudyDir01.debug.xcconfig */,
				7505930A2C2E5DD93FCD3033 /* Pods-StudyDir01.release.xcconfig */,
				FC56EF4CCF4AEDAAE12EB52A /* Pods-StudyDir01-tvOS.debug.xcconfig */,
				61DF825BD6A459F83CA40FE5 /* Pods-StudyDir01-tvOS.release.xcconfig */,
				A4A100372752C134101D034C /* Pods-StudyDir01-tvOSTests.debug.xcconfig */,
				FFC5689B188296250088A60E /* Pods-StudyDir01-tvOSTests.release.xcconfig */,
				03B9EF62FF29B66374F0F220 /* Pods-StudyDir01Tests.debug.xcconfig */,
				9303753AFFEA9004C83A262F /* Pods-StudyDir01Tests.release.xcconfig */,
			);
			name = Pods;
			path = Pods;
			sourceTree = "<group>";
		};
		0D987C51033B47E788126CCB /* Resources */ = {
			isa = "PBXGroup";
			children = (
				80ED6BA408C54DA796509DFD /* AntDesign.ttf */,
				CFCFFAB1BB8441ABBA244955 /* Entypo.ttf */,
				EDC2FC249DE14479A4F07696 /* EvilIcons.ttf */,
				3DAC85C73F0A42BAA8DC0C87 /* Feather.ttf */,
				894D710E198F41DB925A1363 /* FontAwesome.ttf */,
				FAB37EACB54E4D6AB38C6E31 /* FontAwesome5_Brands.ttf */,
				2CEDA3CD186E4BC6BCEFDB82 /* FontAwesome5_Regular.ttf */,
				8716D0D1B5D5438EB8D4E1A1 /* FontAwesome5_Solid.ttf */,
				06F48A20762D408E9927B0B5 /* Fontisto.ttf */,
				8E725B0000594D72B086EA8B /* Foundation.ttf */,
				5D97A48E98104DC69B8A2832 /* Ionicons.ttf */,
				CB968812F58C4AD1906D185F /* MaterialCommunityIcons.ttf */,
				8B2A8BB8C00B4E92AC3289DC /* MaterialIcons.ttf */,
				53E4EF0F56C14D9D8517441C /* Octicons.ttf */,
				94633E948E054FB59DEC48F1 /* SimpleLineIcons.ttf */,
				A2914C6D669346A9B7B3BF5B /* Zocial.ttf */,
				BAB88DD3203B45DEA6D0EC5B /* Entypo.ttf */,
				DF6798DCB73A41F9815F8476 /* EvilIcons.ttf */,
				41F2353549014470B0F8DA82 /* Feather.ttf */,
				A3864B0B499C4B05BED399E5 /* FontAwesome.ttf */,
				803BED1BABBB4DCAA5587AA7 /* Foundation.ttf */,
				908B93A9FC2F4431A24100BD /* Ionicons.ttf */,
				B87416CB01DB4874BFD57C18 /* MaterialCommunityIcons.ttf */,
				703190A991AB4A548315D061 /* MaterialIcons.ttf */,
				738EF87042534AFCA8D440AD /* Octicons.ttf */,
				E132F27525334EDAA23E06B1 /* SimpleLineIcons.ttf */,
				405B5F93C1154F22A5490484 /* Zocial.ttf */,
				B97A5D92AF4D4260BF05F135 /* AntDesign.ttf */,
				0ADF1D319B4440C68E058B52 /* Entypo.ttf */,
				EEBC2D707A214B3196611531 /* EvilIcons.ttf */,
				C727F36FAB2E4666A9665141 /* Feather.ttf */,
				D82C2581D8654719BB6A47F2 /* FontAwesome.ttf */,
				7E23014F22A140C198E0961B /* FontAwesome5_Brands.ttf */,
				FC00BD75522A4BBA930E3C43 /* FontAwesome5_Regular.ttf */,
				1CF2E434BCC543A5A536DF85 /* FontAwesome5_Solid.ttf */,
				09F8B98952BB4CB3A1E67391 /* Fontisto.ttf */,
				778DB062826C4B4FB958395F /* Foundation.ttf */,
				A9B657C1B8AF4FCB88A27108 /* Ionicons.ttf */,
				982F0193B4AC46FEB04A2A9E /* MaterialCommunityIcons.ttf */,
				521362721336446C80BB0F7F /* MaterialIcons.ttf */,
				F8D4EEC8930E442E9ACDCE5D /* Octicons.ttf */,
				26B8E5F779E0418684B8F0A1 /* SimpleLineIcons.ttf */,
				F5DDC3A50DB8479098419362 /* Zocial.ttf */,
			);
			name = Resources;
			sourceTree = "<group>";
			path = "";
		};
/* End PBXGroup section */

/* Begin PBXNativeTarget section */
		00E356ED1AD99517003FC87E /* StudyDir01Tests */ = {
			isa = PBXNativeTarget;
			buildConfigurationList = 00E357021AD99517003FC87E /* Build configuration list for PBXNativeTarget "StudyDir01Tests" */;
			buildPhases = (
				B97A7718C80DB8A925B2E346 /* [CP] Check Pods Manifest.lock */,
				00E356EA1AD99517003FC87E /* Sources */,
				00E356EB1AD99517003FC87E /* Frameworks */,
				00E356EC1AD99517003FC87E /* Resources */,
			);
			buildRules = (
			);
			dependencies = (
				00E356F51AD99517003FC87E /* PBXTargetDependency */,
			);
			name = StudyDir01Tests;
			productName = StudyDir01Tests;
			productReference = 00E356EE1AD99517003FC87E /* StudyDir01Tests.xctest */;
			productType = "com.apple.product-type.bundle.unit-test";
		};
		13B07F861A680F5B00A75B9A /* StudyDir01 */ = {
			isa = PBXNativeTarget;
			buildConfigurationList = 13B07F931A680F5B00A75B9A /* Build configuration list for PBXNativeTarget "StudyDir01" */;
			buildPhases = (
				AD06F58C69E2F86728077E4E /* [CP] Check Pods Manifest.lock */,
				FD10A7F022414F080027D42C /* Start Packager */,
				13B07F871A680F5B00A75B9A /* Sources */,
				13B07F8C1A680F5B00A75B9A /* Frameworks */,
				13B07F8E1A680F5B00A75B9A /* Resources */,
				00DD1BFF1BD5951E006B06BC /* Bundle React Native code and images */,
			);
			buildRules = (
			);
			dependencies = (
			);
			name = StudyDir01;
			productName = StudyDir01;
			productReference = 13B07F961A680F5B00A75B9A /* StudyDir01.app */;
			productType = "com.apple.product-type.application";
		};
		2D02E47A1E0B4A5D006451C7 /* StudyDir01-tvOS */ = {
			isa = PBXNativeTarget;
			buildConfigurationList = 2D02E4BA1E0B4A5E006451C7 /* Build configuration list for PBXNativeTarget "StudyDir01-tvOS" */;
			buildPhases = (
				E56325514BD3021122386AD3 /* [CP] Check Pods Manifest.lock */,
				FD10A7F122414F3F0027D42C /* Start Packager */,
				2D02E4771E0B4A5D006451C7 /* Sources */,
				2D02E4781E0B4A5D006451C7 /* Frameworks */,
				2D02E4791E0B4A5D006451C7 /* Resources */,
				2D02E4CB1E0B4B27006451C7 /* Bundle React Native Code And Images */,
			);
			buildRules = (
			);
			dependencies = (
			);
			name = "StudyDir01-tvOS";
			productName = "StudyDir01-tvOS";
			productReference = 2D02E47B1E0B4A5D006451C7 /* StudyDir01-tvOS.app */;
			productType = "com.apple.product-type.application";
		};
		2D02E48F1E0B4A5D006451C7 /* StudyDir01-tvOSTests */ = {
			isa = PBXNativeTarget;
			buildConfigurationList = 2D02E4BB1E0B4A5E006451C7 /* Build configuration list for PBXNativeTarget "StudyDir01-tvOSTests" */;
			buildPhases = (
				B51D7624FE019784B35EEE4B /* [CP] Check Pods Manifest.lock */,
				2D02E48C1E0B4A5D006451C7 /* Sources */,
				2D02E48D1E0B4A5D006451C7 /* Frameworks */,
				2D02E48E1E0B4A5D006451C7 /* Resources */,
			);
			buildRules = (
			);
			dependencies = (
				2D02E4921E0B4A5D006451C7 /* PBXTargetDependency */,
			);
			name = "StudyDir01-tvOSTests";
			productName = "StudyDir01-tvOSTests";
			productReference = 2D02E4901E0B4A5D006451C7 /* StudyDir01-tvOSTests.xctest */;
			productType = "com.apple.product-type.bundle.unit-test";
		};
/* End PBXNativeTarget section */

/* Begin PBXProject section */
		83CBB9F71A601CBA00E9B192 /* Project object */ = {
			isa = PBXProject;
			attributes = {
				LastUpgradeCheck = 940;
				ORGANIZATIONNAME = Facebook;
				TargetAttributes = {
					00E356ED1AD99517003FC87E = {
						CreatedOnToolsVersion = 6.2;
						TestTargetID = 13B07F861A680F5B00A75B9A;
					};
					2D02E47A1E0B4A5D006451C7 = {
						CreatedOnToolsVersion = 8.2.1;
						ProvisioningStyle = Automatic;
					};
					2D02E48F1E0B4A5D006451C7 = {
						CreatedOnToolsVersion = 8.2.1;
						ProvisioningStyle = Automatic;
						TestTargetID = 2D02E47A1E0B4A5D006451C7;
					};
				};
			};
			buildConfigurationList = 83CBB9FA1A601CBA00E9B192 /* Build configuration list for PBXProject "StudyDir01" */;
			compatibilityVersion = "Xcode 3.2";
			developmentRegion = English;
			hasScannedForEncodings = 0;
			knownRegions = (
				en,
				Base,
			);
			mainGroup = 83CBB9F61A601CBA00E9B192;
			productRefGroup = 83CBBA001A601CBA00E9B192 /* Products */;
			projectDirPath = "";
			projectRoot = "";
			targets = (
				13B07F861A680F5B00A75B9A /* StudyDir01 */,
				00E356ED1AD99517003FC87E /* StudyDir01Tests */,
				2D02E47A1E0B4A5D006451C7 /* StudyDir01-tvOS */,
				2D02E48F1E0B4A5D006451C7 /* StudyDir01-tvOSTests */,
			);
		};
/* End PBXProject section */

/* Begin PBXResourcesBuildPhase section */
		00E356EC1AD99517003FC87E /* Resources */ = {
			isa = PBXResourcesBuildPhase;
			buildActionMask = 2147483647;
			files = (
			);
			runOnlyForDeploymentPostprocessing = 0;
		};
		13B07F8E1A680F5B00A75B9A /* Resources */ = {
			isa = PBXResourcesBuildPhase;
			buildActionMask = 2147483647;
			files = (
				13B07FBF1A68108700A75B9A /* Images.xcassets in Resources */,
				13B07FBD1A68108700A75B9A /* LaunchScreen.xib in Resources */,
				22C456B844784CE892290BCC /* AntDesign.ttf in Resources */,
				1506F5D0FE0849D38F43F4D2 /* Entypo.ttf in Resources */,
				4CC9EAF3799E446F9ADB863D /* EvilIcons.ttf in Resources */,
				9570387718BC4C209D04E457 /* Feather.ttf in Resources */,
				EE60D3B5484841E399853149 /* FontAwesome.ttf in Resources */,
				C4977636C2A74D9CAE979801 /* FontAwesome5_Brands.ttf in Resources */,
				84AA1C8FCA874FED98C7C6A6 /* FontAwesome5_Regular.ttf in Resources */,
				E49246E3606A4F2F9EB63355 /* FontAwesome5_Solid.ttf in Resources */,
				62E57D25803849ACB21C4783 /* Fontisto.ttf in Resources */,
				AD89C2E752264164AB3156AC /* Foundation.ttf in Resources */,
				4A5606562444413D87196250 /* Ionicons.ttf in Resources */,
				39BA922D1BCD43138C0A08A1 /* MaterialCommunityIcons.ttf in Resources */,
				25424A8049B1440B93884395 /* MaterialIcons.ttf in Resources */,
				AAFC7FE1F352454180738538 /* Octicons.ttf in Resources */,
				9B7B77DA24744FE3AB511547 /* SimpleLineIcons.ttf in Resources */,
				4626B251DC2B43B3BC64D91A /* Zocial.ttf in Resources */,
				1CF07B1D9F954E78B8B2AF37 /* Entypo.ttf in Resources */,
				6762E755B568455981B6F6DF /* EvilIcons.ttf in Resources */,
				A6D21C551128454B8F472D30 /* Feather.ttf in Resources */,
				03401BE331DE45BE91504FC5 /* FontAwesome.ttf in Resources */,
				36A4FA34AC904D40B7B57F41 /* Foundation.ttf in Resources */,
				99AC2278E17E4B8D896799A1 /* Ionicons.ttf in Resources */,
				F7EA2BAC9152463291FC3245 /* MaterialCommunityIcons.ttf in Resources */,
				F490F260A8BD45B8906C525E /* MaterialIcons.ttf in Resources */,
				1343B9A36DF046E3BC6329C0 /* Octicons.ttf in Resources */,
				C0D1C2341743421B8F06177F /* SimpleLineIcons.ttf in Resources */,
				111481A7891D4E0191F96504 /* Zocial.ttf in Resources */,
				2BA16B4D91A145EE9EB9DFC8 /* AntDesign.ttf in Resources */,
				AD021CF2043F4A03BAFDDD07 /* Entypo.ttf in Resources */,
				0419023AD316482B8F8F5CB3 /* EvilIcons.ttf in Resources */,
				14DC0521068241449554BCC4 /* Feather.ttf in Resources */,
				BAEBD97863FA4D6C92829D89 /* FontAwesome.ttf in Resources */,
				9611B1A330634467B02EC37E /* FontAwesome5_Brands.ttf in Resources */,
				BE874AE1F808426AAB1E9241 /* FontAwesome5_Regular.ttf in Resources */,
				729CD4159B64446E8F3C71A1 /* FontAwesome5_Solid.ttf in Resources */,
				39D4892165664ED59C60834B /* Fontisto.ttf in Resources */,
				600AB6156B5442DBBA7A3F27 /* Foundation.ttf in Resources */,
				4396890ADE1042348B127E3E /* Ionicons.ttf in Resources */,
				F1A846BBB16F44EBBB7BC5E3 /* MaterialCommunityIcons.ttf in Resources */,
				E9D0D4F883344BD2B82C7538 /* MaterialIcons.ttf in Resources */,
				A599E836FE904AC2830DABAF /* Octicons.ttf in Resources */,
				E13CB3DC07F14D2F8C985460 /* SimpleLineIcons.ttf in Resources */,
				A44BC53F06424FF893750986 /* Zocial.ttf in Resources */,
			);
			runOnlyForDeploymentPostprocessing = 0;
		};
		2D02E4791E0B4A5D006451C7 /* Resources */ = {
			isa = PBXResourcesBuildPhase;
			buildActionMask = 2147483647;
			files = (
				2D02E4BD1E0B4A84006451C7 /* Images.xcassets in Resources */,
			);
			runOnlyForDeploymentPostprocessing = 0;
		};
		2D02E48E1E0B4A5D006451C7 /* Resources */ = {
			isa = PBXResourcesBuildPhase;
			buildActionMask = 2147483647;
			files = (
			);
			runOnlyForDeploymentPostprocessing = 0;
		};
/* End PBXResourcesBuildPhase section */

/* Begin PBXShellScriptBuildPhase section */
		00DD1BFF1BD5951E006B06BC /* Bundle React Native code and images */ = {
			isa = PBXShellScriptBuildPhase;
			buildActionMask = 2147483647;
			files = (
			);
			inputPaths = (
			);
			name = "Bundle React Native code and images";
			outputPaths = (
			);
			runOnlyForDeploymentPostprocessing = 0;
			shellPath = /bin/sh;
			shellScript = "export NODE_BINARY=node\n../node_modules/react-native/scripts/react-native-xcode.sh";
		};
		2D02E4CB1E0B4B27006451C7 /* Bundle React Native Code And Images */ = {
			isa = PBXShellScriptBuildPhase;
			buildActionMask = 2147483647;
			files = (
			);
			inputPaths = (
			);
			name = "Bundle React Native Code And Images";
			outputPaths = (
			);
			runOnlyForDeploymentPostprocessing = 0;
			shellPath = /bin/sh;
			shellScript = "export NODE_BINARY=node\n../node_modules/react-native/scripts/react-native-xcode.sh";
		};
		AD06F58C69E2F86728077E4E /* [CP] Check Pods Manifest.lock */ = {
			isa = PBXShellScriptBuildPhase;
			buildActionMask = 2147483647;
			files = (
			);
			inputFileListPaths = (
			);
			inputPaths = (
				"${PODS_PODFILE_DIR_PATH}/Podfile.lock",
				"${PODS_ROOT}/Manifest.lock",
			);
			name = "[CP] Check Pods Manifest.lock";
			outputFileListPaths = (
			);
			outputPaths = (
				"$(DERIVED_FILE_DIR)/Pods-StudyDir01-checkManifestLockResult.txt",
			);
			runOnlyForDeploymentPostprocessing = 0;
			shellPath = /bin/sh;
			shellScript = "diff \"${PODS_PODFILE_DIR_PATH}/Podfile.lock\" \"${PODS_ROOT}/Manifest.lock\" > /dev/null\nif [ $? != 0 ] ; then\n    # print error to STDERR\n    echo \"error: The sandbox is not in sync with the Podfile.lock. Run 'pod install' or update your CocoaPods installation.\" >&2\n    exit 1\nfi\n# This output is used by Xcode 'outputs' to avoid re-running this script phase.\necho \"SUCCESS\" > \"${SCRIPT_OUTPUT_FILE_0}\"\n";
			showEnvVarsInLog = 0;
		};
		B51D7624FE019784B35EEE4B /* [CP] Check Pods Manifest.lock */ = {
			isa = PBXShellScriptBuildPhase;
			buildActionMask = 2147483647;
			files = (
			);
			inputFileListPaths = (
			);
			inputPaths = (
				"${PODS_PODFILE_DIR_PATH}/Podfile.lock",
				"${PODS_ROOT}/Manifest.lock",
			);
			name = "[CP] Check Pods Manifest.lock";
			outputFileListPaths = (
			);
			outputPaths = (
				"$(DERIVED_FILE_DIR)/Pods-StudyDir01-tvOSTests-checkManifestLockResult.txt",
			);
			runOnlyForDeploymentPostprocessing = 0;
			shellPath = /bin/sh;
			shellScript = "diff \"${PODS_PODFILE_DIR_PATH}/Podfile.lock\" \"${PODS_ROOT}/Manifest.lock\" > /dev/null\nif [ $? != 0 ] ; then\n    # print error to STDERR\n    echo \"error: The sandbox is not in sync with the Podfile.lock. Run 'pod install' or update your CocoaPods installation.\" >&2\n    exit 1\nfi\n# This output is used by Xcode 'outputs' to avoid re-running this script phase.\necho \"SUCCESS\" > \"${SCRIPT_OUTPUT_FILE_0}\"\n";
			showEnvVarsInLog = 0;
		};
		B97A7718C80DB8A925B2E346 /* [CP] Check Pods Manifest.lock */ = {
			isa = PBXShellScriptBuildPhase;
			buildActionMask = 2147483647;
			files = (
			);
			inputFileListPaths = (
			);
			inputPaths = (
				"${PODS_PODFILE_DIR_PATH}/Podfile.lock",
				"${PODS_ROOT}/Manifest.lock",
			);
			name = "[CP] Check Pods Manifest.lock";
			outputFileListPaths = (
			);
			outputPaths = (
				"$(DERIVED_FILE_DIR)/Pods-StudyDir01Tests-checkManifestLockResult.txt",
			);
			runOnlyForDeploymentPostprocessing = 0;
			shellPath = /bin/sh;
			shellScript = "diff \"${PODS_PODFILE_DIR_PATH}/Podfile.lock\" \"${PODS_ROOT}/Manifest.lock\" > /dev/null\nif [ $? != 0 ] ; then\n    # print error to STDERR\n    echo \"error: The sandbox is not in sync with the Podfile.lock. Run 'pod install' or update your CocoaPods installation.\" >&2\n    exit 1\nfi\n# This output is used by Xcode 'outputs' to avoid re-running this script phase.\necho \"SUCCESS\" > \"${SCRIPT_OUTPUT_FILE_0}\"\n";
			showEnvVarsInLog = 0;
		};
		E56325514BD3021122386AD3 /* [CP] Check Pods Manifest.lock */ = {
			isa = PBXShellScriptBuildPhase;
			buildActionMask = 2147483647;
			files = (
			);
			inputFileListPaths = (
			);
			inputPaths = (
				"${PODS_PODFILE_DIR_PATH}/Podfile.lock",
				"${PODS_ROOT}/Manifest.lock",
			);
			name = "[CP] Check Pods Manifest.lock";
			outputFileListPaths = (
			);
			outputPaths = (
				"$(DERIVED_FILE_DIR)/Pods-StudyDir01-tvOS-checkManifestLockResult.txt",
			);
			runOnlyForDeploymentPostprocessing = 0;
			shellPath = /bin/sh;
			shellScript = "diff \"${PODS_PODFILE_DIR_PATH}/Podfile.lock\" \"${PODS_ROOT}/Manifest.lock\" > /dev/null\nif [ $? != 0 ] ; then\n    # print error to STDERR\n    echo \"error: The sandbox is not in sync with the Podfile.lock. Run 'pod install' or update your CocoaPods installation.\" >&2\n    exit 1\nfi\n# This output is used by Xcode 'outputs' to avoid re-running this script phase.\necho \"SUCCESS\" > \"${SCRIPT_OUTPUT_FILE_0}\"\n";
			showEnvVarsInLog = 0;
		};
		FD10A7F022414F080027D42C /* Start Packager */ = {
			isa = PBXShellScriptBuildPhase;
			buildActionMask = 2147483647;
			files = (
			);
			inputFileListPaths = (
			);
			inputPaths = (
			);
			name = "Start Packager";
			outputFileListPaths = (
			);
			outputPaths = (
			);
			runOnlyForDeploymentPostprocessing = 0;
			shellPath = /bin/sh;
			shellScript = "export RCT_METRO_PORT=\"${RCT_METRO_PORT:=8081}\"\necho \"export RCT_METRO_PORT=${RCT_METRO_PORT}\" > \"${SRCROOT}/../node_modules/react-native/scripts/.packager.env\"\nif [ -z \"${RCT_NO_LAUNCH_PACKAGER+xxx}\" ] ; then\n  if nc -w 5 -z localhost ${RCT_METRO_PORT} ; then\n    if ! curl -s \"http://localhost:${RCT_METRO_PORT}/status\" | grep -q \"packager-status:running\" ; then\n      echo \"Port ${RCT_METRO_PORT} already in use, packager is either not running or not running correctly\"\n      exit 2\n    fi\n  else\n    open \"$SRCROOT/../node_modules/react-native/scripts/launchPackager.command\" || echo \"Can't start packager automatically\"\n  fi\nfi\n";
			showEnvVarsInLog = 0;
		};
		FD10A7F122414F3F0027D42C /* Start Packager */ = {
			isa = PBXShellScriptBuildPhase;
			buildActionMask = 2147483647;
			files = (
			);
			inputFileListPaths = (
			);
			inputPaths = (
			);
			name = "Start Packager";
			outputFileListPaths = (
			);
			outputPaths = (
			);
			runOnlyForDeploymentPostprocessing = 0;
			shellPath = /bin/sh;
			shellScript = "export RCT_METRO_PORT=\"${RCT_METRO_PORT:=8081}\"\necho \"export RCT_METRO_PORT=${RCT_METRO_PORT}\" > \"${SRCROOT}/../node_modules/react-native/scripts/.packager.env\"\nif [ -z \"${RCT_NO_LAUNCH_PACKAGER+xxx}\" ] ; then\n  if nc -w 5 -z localhost ${RCT_METRO_PORT} ; then\n    if ! curl -s \"http://localhost:${RCT_METRO_PORT}/status\" | grep -q \"packager-status:running\" ; then\n      echo \"Port ${RCT_METRO_PORT} already in use, packager is either not running or not running correctly\"\n      exit 2\n    fi\n  else\n    open \"$SRCROOT/../node_modules/react-native/scripts/launchPackager.command\" || echo \"Can't start packager automatically\"\n  fi\nfi\n";
			showEnvVarsInLog = 0;
		};
/* End PBXShellScriptBuildPhase section */

/* Begin PBXSourcesBuildPhase section */
		00E356EA1AD99517003FC87E /* Sources */ = {
			isa = PBXSourcesBuildPhase;
			buildActionMask = 2147483647;
			files = (
				00E356F31AD99517003FC87E /* StudyDir01Tests.m in Sources */,
			);
			runOnlyForDeploymentPostprocessing = 0;
		};
		13B07F871A680F5B00A75B9A /* Sources */ = {
			isa = PBXSourcesBuildPhase;
			buildActionMask = 2147483647;
			files = (
				13B07FBC1A68108700A75B9A /* AppDelegate.m in Sources */,
				13B07FC11A68108700A75B9A /* main.m in Sources */,
			);
			runOnlyForDeploymentPostprocessing = 0;
		};
		2D02E4771E0B4A5D006451C7 /* Sources */ = {
			isa = PBXSourcesBuildPhase;
			buildActionMask = 2147483647;
			files = (
				2D02E4BF1E0B4AB3006451C7 /* main.m in Sources */,
				2D02E4BC1E0B4A80006451C7 /* AppDelegate.m in Sources */,
			);
			runOnlyForDeploymentPostprocessing = 0;
		};
		2D02E48C1E0B4A5D006451C7 /* Sources */ = {
			isa = PBXSourcesBuildPhase;
			buildActionMask = 2147483647;
			files = (
				2DCD954D1E0B4F2C00145EB5 /* StudyDir01Tests.m in Sources */,
			);
			runOnlyForDeploymentPostprocessing = 0;
		};
/* End PBXSourcesBuildPhase section */

/* Begin PBXTargetDependency section */
		00E356F51AD99517003FC87E /* PBXTargetDependency */ = {
			isa = PBXTargetDependency;
			target = 13B07F861A680F5B00A75B9A /* StudyDir01 */;
			targetProxy = 00E356F41AD99517003FC87E /* PBXContainerItemProxy */;
		};
		2D02E4921E0B4A5D006451C7 /* PBXTargetDependency */ = {
			isa = PBXTargetDependency;
			target = 2D02E47A1E0B4A5D006451C7 /* StudyDir01-tvOS */;
			targetProxy = 2D02E4911E0B4A5D006451C7 /* PBXContainerItemProxy */;
		};
/* End PBXTargetDependency section */

/* Begin PBXVariantGroup section */
		13B07FB11A68108700A75B9A /* LaunchScreen.xib */ = {
			isa = PBXVariantGroup;
			children = (
				13B07FB21A68108700A75B9A /* Base */,
			);
			name = LaunchScreen.xib;
			path = StudyDir01;
			sourceTree = "<group>";
		};
/* End PBXVariantGroup section */

/* Begin XCBuildConfiguration section */
		00E356F61AD99517003FC87E /* Debug */ = {
			isa = XCBuildConfiguration;
			baseConfigurationReference = 03B9EF62FF29B66374F0F220 /* Pods-StudyDir01Tests.debug.xcconfig */;
			buildSettings = {
				BUNDLE_LOADER = "$(TEST_HOST)";
				GCC_PREPROCESSOR_DEFINITIONS = (
					"DEBUG=1",
					"$(inherited)",
				);
				INFOPLIST_FILE = StudyDir01Tests/Info.plist;
				IPHONEOS_DEPLOYMENT_TARGET = 9.0;
				LD_RUNPATH_SEARCH_PATHS = "$(inherited) @executable_path/Frameworks @loader_path/Frameworks";
				OTHER_LDFLAGS = (
					"-ObjC",
					"-lc++",
					"$(inherited)",
				);
				PRODUCT_BUNDLE_IDENTIFIER = "org.reactjs.native.example.$(PRODUCT_NAME:rfc1034identifier)";
				PRODUCT_NAME = "$(TARGET_NAME)";
				TEST_HOST = "$(BUILT_PRODUCTS_DIR)/StudyDir01.app/StudyDir01";
			};
			name = Debug;
		};
		00E356F71AD99517003FC87E /* Release */ = {
			isa = XCBuildConfiguration;
			baseConfigurationReference = 9303753AFFEA9004C83A262F /* Pods-StudyDir01Tests.release.xcconfig */;
			buildSettings = {
				BUNDLE_LOADER = "$(TEST_HOST)";
				COPY_PHASE_STRIP = NO;
				INFOPLIST_FILE = StudyDir01Tests/Info.plist;
				IPHONEOS_DEPLOYMENT_TARGET = 9.0;
				LD_RUNPATH_SEARCH_PATHS = "$(inherited) @executable_path/Frameworks @loader_path/Frameworks";
				OTHER_LDFLAGS = (
					"-ObjC",
					"-lc++",
					"$(inherited)",
				);
				PRODUCT_BUNDLE_IDENTIFIER = "org.reactjs.native.example.$(PRODUCT_NAME:rfc1034identifier)";
				PRODUCT_NAME = "$(TARGET_NAME)";
				TEST_HOST = "$(BUILT_PRODUCTS_DIR)/StudyDir01.app/StudyDir01";
			};
			name = Release;
		};
		13B07F941A680F5B00A75B9A /* Debug */ = {
			isa = XCBuildConfiguration;
			baseConfigurationReference = C21E495DE4AA7464BFC81866 /* Pods-StudyDir01.debug.xcconfig */;
			buildSettings = {
				ASSETCATALOG_COMPILER_APPICON_NAME = AppIcon;
				CURRENT_PROJECT_VERSION = 1;
				DEAD_CODE_STRIPPING = NO;
				INFOPLIST_FILE = StudyDir01/Info.plist;
				LD_RUNPATH_SEARCH_PATHS = "$(inherited) @executable_path/Frameworks";
				OTHER_LDFLAGS = (
					"$(inherited)",
					"-ObjC",
					"-lc++",
				);
				PRODUCT_BUNDLE_IDENTIFIER = "org.reactjs.native.example.$(PRODUCT_NAME:rfc1034identifier)";
				PRODUCT_NAME = StudyDir01;
				VERSIONING_SYSTEM = "apple-generic";
			};
			name = Debug;
		};
		13B07F951A680F5B00A75B9A /* Release */ = {
			isa = XCBuildConfiguration;
			baseConfigurationReference = 7505930A2C2E5DD93FCD3033 /* Pods-StudyDir01.release.xcconfig */;
			buildSettings = {
				ASSETCATALOG_COMPILER_APPICON_NAME = AppIcon;
				CURRENT_PROJECT_VERSION = 1;
				INFOPLIST_FILE = StudyDir01/Info.plist;
				LD_RUNPATH_SEARCH_PATHS = "$(inherited) @executable_path/Frameworks";
				OTHER_LDFLAGS = (
					"$(inherited)",
					"-ObjC",
					"-lc++",
				);
				PRODUCT_BUNDLE_IDENTIFIER = "org.reactjs.native.example.$(PRODUCT_NAME:rfc1034identifier)";
				PRODUCT_NAME = StudyDir01;
				VERSIONING_SYSTEM = "apple-generic";
			};
			name = Release;
		};
		2D02E4971E0B4A5E006451C7 /* Debug */ = {
			isa = XCBuildConfiguration;
			baseConfigurationReference = FC56EF4CCF4AEDAAE12EB52A /* Pods-StudyDir01-tvOS.debug.xcconfig */;
			buildSettings = {
				ASSETCATALOG_COMPILER_APPICON_NAME = "App Icon & Top Shelf Image";
				ASSETCATALOG_COMPILER_LAUNCHIMAGE_NAME = LaunchImage;
				CLANG_ANALYZER_NONNULL = YES;
				CLANG_WARN_DOCUMENTATION_COMMENTS = YES;
				CLANG_WARN_INFINITE_RECURSION = YES;
				CLANG_WARN_SUSPICIOUS_MOVE = YES;
				DEBUG_INFORMATION_FORMAT = dwarf;
				ENABLE_TESTABILITY = YES;
				GCC_NO_COMMON_BLOCKS = YES;
				INFOPLIST_FILE = "StudyDir01-tvOS/Info.plist";
				LD_RUNPATH_SEARCH_PATHS = "$(inherited) @executable_path/Frameworks";
				OTHER_LDFLAGS = (
					"$(inherited)",
					"-ObjC",
					"-lc++",
				);
				PRODUCT_BUNDLE_IDENTIFIER = "com.facebook.REACT.StudyDir01-tvOS";
				PRODUCT_NAME = "$(TARGET_NAME)";
				SDKROOT = appletvos;
				TARGETED_DEVICE_FAMILY = 3;
				TVOS_DEPLOYMENT_TARGET = 9.2;
			};
			name = Debug;
		};
		2D02E4981E0B4A5E006451C7 /* Release */ = {
			isa = XCBuildConfiguration;
			baseConfigurationReference = 61DF825BD6A459F83CA40FE5 /* Pods-StudyDir01-tvOS.release.xcconfig */;
			buildSettings = {
				ASSETCATALOG_COMPILER_APPICON_NAME = "App Icon & Top Shelf Image";
				ASSETCATALOG_COMPILER_LAUNCHIMAGE_NAME = LaunchImage;
				CLANG_ANALYZER_NONNULL = YES;
				CLANG_WARN_DOCUMENTATION_COMMENTS = YES;
				CLANG_WARN_INFINITE_RECURSION = YES;
				CLANG_WARN_SUSPICIOUS_MOVE = YES;
				COPY_PHASE_STRIP = NO;
				DEBUG_INFORMATION_FORMAT = "dwarf-with-dsym";
				GCC_NO_COMMON_BLOCKS = YES;
				INFOPLIST_FILE = "StudyDir01-tvOS/Info.plist";
				LD_RUNPATH_SEARCH_PATHS = "$(inherited) @executable_path/Frameworks";
				OTHER_LDFLAGS = (
					"$(inherited)",
					"-ObjC",
					"-lc++",
				);
				PRODUCT_BUNDLE_IDENTIFIER = "com.facebook.REACT.StudyDir01-tvOS";
				PRODUCT_NAME = "$(TARGET_NAME)";
				SDKROOT = appletvos;
				TARGETED_DEVICE_FAMILY = 3;
				TVOS_DEPLOYMENT_TARGET = 9.2;
			};
			name = Release;
		};
		2D02E4991E0B4A5E006451C7 /* Debug */ = {
			isa = XCBuildConfiguration;
			baseConfigurationReference = A4A100372752C134101D034C /* Pods-StudyDir01-tvOSTests.debug.xcconfig */;
			buildSettings = {
				BUNDLE_LOADER = "$(TEST_HOST)";
				CLANG_ANALYZER_NONNULL = YES;
				CLANG_WARN_DOCUMENTATION_COMMENTS = YES;
				CLANG_WARN_INFINITE_RECURSION = YES;
				CLANG_WARN_SUSPICIOUS_MOVE = YES;
				DEBUG_INFORMATION_FORMAT = dwarf;
				ENABLE_TESTABILITY = YES;
				GCC_NO_COMMON_BLOCKS = YES;
				INFOPLIST_FILE = "StudyDir01-tvOSTests/Info.plist";
				LD_RUNPATH_SEARCH_PATHS = "$(inherited) @executable_path/Frameworks @loader_path/Frameworks";
				OTHER_LDFLAGS = (
					"$(inherited)",
					"-ObjC",
					"-lc++",
				);
				PRODUCT_BUNDLE_IDENTIFIER = "com.facebook.REACT.StudyDir01-tvOSTests";
				PRODUCT_NAME = "$(TARGET_NAME)";
				SDKROOT = appletvos;
				TEST_HOST = "$(BUILT_PRODUCTS_DIR)/StudyDir01-tvOS.app/StudyDir01-tvOS";
				TVOS_DEPLOYMENT_TARGET = 10.1;
			};
			name = Debug;
		};
		2D02E49A1E0B4A5E006451C7 /* Release */ = {
			isa = XCBuildConfiguration;
			baseConfigurationReference = FFC5689B188296250088A60E /* Pods-StudyDir01-tvOSTests.release.xcconfig */;
			buildSettings = {
				BUNDLE_LOADER = "$(TEST_HOST)";
				CLANG_ANALYZER_NONNULL = YES;
				CLANG_WARN_DOCUMENTATION_COMMENTS = YES;
				CLANG_WARN_INFINITE_RECURSION = YES;
				CLANG_WARN_SUSPICIOUS_MOVE = YES;
				COPY_PHASE_STRIP = NO;
				DEBUG_INFORMATION_FORMAT = "dwarf-with-dsym";
				GCC_NO_COMMON_BLOCKS = YES;
				INFOPLIST_FILE = "StudyDir01-tvOSTests/Info.plist";
				LD_RUNPATH_SEARCH_PATHS = "$(inherited) @executable_path/Frameworks @loader_path/Frameworks";
				OTHER_LDFLAGS = (
					"$(inherited)",
					"-ObjC",
					"-lc++",
				);
				PRODUCT_BUNDLE_IDENTIFIER = "com.facebook.REACT.StudyDir01-tvOSTests";
				PRODUCT_NAME = "$(TARGET_NAME)";
				SDKROOT = appletvos;
				TEST_HOST = "$(BUILT_PRODUCTS_DIR)/StudyDir01-tvOS.app/StudyDir01-tvOS";
				TVOS_DEPLOYMENT_TARGET = 10.1;
			};
			name = Release;
		};
		83CBBA201A601CBA00E9B192 /* Debug */ = {
			isa = XCBuildConfiguration;
			buildSettings = {
				ALWAYS_SEARCH_USER_PATHS = NO;
				CLANG_CXX_LANGUAGE_STANDARD = "gnu++0x";
				CLANG_CXX_LIBRARY = "libc++";
				CLANG_ENABLE_MODULES = YES;
				CLANG_ENABLE_OBJC_ARC = YES;
				CLANG_WARN_BLOCK_CAPTURE_AUTORELEASING = YES;
				CLANG_WARN_BOOL_CONVERSION = YES;
				CLANG_WARN_COMMA = YES;
				CLANG_WARN_CONSTANT_CONVERSION = YES;
				CLANG_WARN_DEPRECATED_OBJC_IMPLEMENTATIONS = YES;
				CLANG_WARN_DIRECT_OBJC_ISA_USAGE = YES_ERROR;
				CLANG_WARN_EMPTY_BODY = YES;
				CLANG_WARN_ENUM_CONVERSION = YES;
				CLANG_WARN_INFINITE_RECURSION = YES;
				CLANG_WARN_INT_CONVERSION = YES;
				CLANG_WARN_NON_LITERAL_NULL_CONVERSION = YES;
				CLANG_WARN_OBJC_IMPLICIT_RETAIN_SELF = YES;
				CLANG_WARN_OBJC_LITERAL_CONVERSION = YES;
				CLANG_WARN_OBJC_ROOT_CLASS = YES_ERROR;
				CLANG_WARN_RANGE_LOOP_ANALYSIS = YES;
				CLANG_WARN_STRICT_PROTOTYPES = YES;
				CLANG_WARN_SUSPICIOUS_MOVE = YES;
				CLANG_WARN_UNREACHABLE_CODE = YES;
				CLANG_WARN__DUPLICATE_METHOD_MATCH = YES;
				"CODE_SIGN_IDENTITY[sdk=iphoneos*]" = "iPhone Developer";
				COPY_PHASE_STRIP = NO;
				ENABLE_STRICT_OBJC_MSGSEND = YES;
				ENABLE_TESTABILITY = YES;
				GCC_C_LANGUAGE_STANDARD = gnu99;
				GCC_DYNAMIC_NO_PIC = NO;
				GCC_NO_COMMON_BLOCKS = YES;
				GCC_OPTIMIZATION_LEVEL = 0;
				GCC_PREPROCESSOR_DEFINITIONS = (
					"DEBUG=1",
					"$(inherited)",
				);
				GCC_SYMBOLS_PRIVATE_EXTERN = NO;
				GCC_WARN_64_TO_32_BIT_CONVERSION = YES;
				GCC_WARN_ABOUT_RETURN_TYPE = YES_ERROR;
				GCC_WARN_UNDECLARED_SELECTOR = YES;
				GCC_WARN_UNINITIALIZED_AUTOS = YES_AGGRESSIVE;
				GCC_WARN_UNUSED_FUNCTION = YES;
				GCC_WARN_UNUSED_VARIABLE = YES;
				IPHONEOS_DEPLOYMENT_TARGET = 9.0;
				MTL_ENABLE_DEBUG_INFO = YES;
				ONLY_ACTIVE_ARCH = YES;
				SDKROOT = iphoneos;
			};
			name = Debug;
		};
		83CBBA211A601CBA00E9B192 /* Release */ = {
			isa = XCBuildConfiguration;
			buildSettings = {
				ALWAYS_SEARCH_USER_PATHS = NO;
				CLANG_CXX_LANGUAGE_STANDARD = "gnu++0x";
				CLANG_CXX_LIBRARY = "libc++";
				CLANG_ENABLE_MODULES = YES;
				CLANG_ENABLE_OBJC_ARC = YES;
				CLANG_WARN_BLOCK_CAPTURE_AUTORELEASING = YES;
				CLANG_WARN_BOOL_CONVERSION = YES;
				CLANG_WARN_COMMA = YES;
				CLANG_WARN_CONSTANT_CONVERSION = YES;
				CLANG_WARN_DEPRECATED_OBJC_IMPLEMENTATIONS = YES;
				CLANG_WARN_DIRECT_OBJC_ISA_USAGE = YES_ERROR;
				CLANG_WARN_EMPTY_BODY = YES;
				CLANG_WARN_ENUM_CONVERSION = YES;
				CLANG_WARN_INFINITE_RECURSION = YES;
				CLANG_WARN_INT_CONVERSION = YES;
				CLANG_WARN_NON_LITERAL_NULL_CONVERSION = YES;
				CLANG_WARN_OBJC_IMPLICIT_RETAIN_SELF = YES;
				CLANG_WARN_OBJC_LITERAL_CONVERSION = YES;
				CLANG_WARN_OBJC_ROOT_CLASS = YES_ERROR;
				CLANG_WARN_RANGE_LOOP_ANALYSIS = YES;
				CLANG_WARN_STRICT_PROTOTYPES = YES;
				CLANG_WARN_SUSPICIOUS_MOVE = YES;
				CLANG_WARN_UNREACHABLE_CODE = YES;
				CLANG_WARN__DUPLICATE_METHOD_MATCH = YES;
				"CODE_SIGN_IDENTITY[sdk=iphoneos*]" = "iPhone Developer";
				COPY_PHASE_STRIP = YES;
				ENABLE_NS_ASSERTIONS = NO;
				ENABLE_STRICT_OBJC_MSGSEND = YES;
				GCC_C_LANGUAGE_STANDARD = gnu99;
				GCC_NO_COMMON_BLOCKS = YES;
				GCC_WARN_64_TO_32_BIT_CONVERSION = YES;
				GCC_WARN_ABOUT_RETURN_TYPE = YES_ERROR;
				GCC_WARN_UNDECLARED_SELECTOR = YES;
				GCC_WARN_UNINITIALIZED_AUTOS = YES_AGGRESSIVE;
				GCC_WARN_UNUSED_FUNCTION = YES;
				GCC_WARN_UNUSED_VARIABLE = YES;
				IPHONEOS_DEPLOYMENT_TARGET = 9.0;
				MTL_ENABLE_DEBUG_INFO = NO;
				SDKROOT = iphoneos;
				VALIDATE_PRODUCT = YES;
			};
			name = Release;
		};
/* End XCBuildConfiguration section */

/* Begin XCConfigurationList section */
		00E357021AD99517003FC87E /* Build configuration list for PBXNativeTarget "StudyDir01Tests" */ = {
			isa = XCConfigurationList;
			buildConfigurations = (
				00E356F61AD99517003FC87E /* Debug */,
				00E356F71AD99517003FC87E /* Release */,
			);
			defaultConfigurationIsVisible = 0;
			defaultConfigurationName = Release;
		};
		13B07F931A680F5B00A75B9A /* Build configuration list for PBXNativeTarget "StudyDir01" */ = {
			isa = XCConfigurationList;
			buildConfigurations = (
				13B07F941A680F5B00A75B9A /* Debug */,
				13B07F951A680F5B00A75B9A /* Release */,
			);
			defaultConfigurationIsVisible = 0;
			defaultConfigurationName = Release;
		};
		2D02E4BA1E0B4A5E006451C7 /* Build configuration list for PBXNativeTarget "StudyDir01-tvOS" */ = {
			isa = XCConfigurationList;
			buildConfigurations = (
				2D02E4971E0B4A5E006451C7 /* Debug */,
				2D02E4981E0B4A5E006451C7 /* Release */,
			);
			defaultConfigurationIsVisible = 0;
			defaultConfigurationName = Release;
		};
		2D02E4BB1E0B4A5E006451C7 /* Build configuration list for PBXNativeTarget "StudyDir01-tvOSTests" */ = {
			isa = XCConfigurationList;
			buildConfigurations = (
				2D02E4991E0B4A5E006451C7 /* Debug */,
				2D02E49A1E0B4A5E006451C7 /* Release */,
			);
			defaultConfigurationIsVisible = 0;
			defaultConfigurationName = Release;
		};
		83CBB9FA1A601CBA00E9B192 /* Build configuration list for PBXProject "StudyDir01" */ = {
			isa = XCConfigurationList;
			buildConfigurations = (
				83CBBA201A601CBA00E9B192 /* Debug */,
				83CBBA211A601CBA00E9B192 /* Release */,
			);
			defaultConfigurationIsVisible = 0;
			defaultConfigurationName = Release;
		};
/* End XCConfigurationList section */
	};
	rootObject = 83CBB9F71A601CBA00E9B192 /* Project object */;
}
